
Microsoft Visual Studio Solution File, Format Version 12.00
# Visual Studio Version 16
VisualStudioVersion = 16.0.30225.117
MinimumVisualStudioVersion = 10.0.40219.1
Project("{888888A0-9F3D-457C-B088-3A5042F75D52}") = "KPI_Zero", "KPI_Zero\KPI_Zero.pyproj", "{E8976EFA-B8AE-430E-AEBC-B2FC1452E262}"
EndProject
Global
	GlobalSection(SolutionConfigurationPlatforms) = preSolution
		Debug|Any CPU = Debug|Any CPU
		Release|Any CPU = Release|Any CPU
	EndGlobalSection
	GlobalSection(ProjectConfigurationPlatforms) = postSolution
		{E8976EFA-B8AE-430E-AEBC-B2FC1452E262}.Debug|Any CPU.ActiveCfg = Debug|Any CPU
		{E8976EFA-B8AE-430E-AEBC-B2FC1452E262}.Release|Any CPU.ActiveCfg = Release|Any CPU
	EndGlobalSection
	GlobalSection(SolutionProperties) = preSolution
		HideSolutionNode = FALSE
	EndGlobalSection
	GlobalSection(ExtensibilityGlobals) = postSolution
		SolutionGuid = {E52A9386-F217-443F-85DA-4C4DE0C91F22}
	EndGlobalSection
EndGlobal
